// !$*UTF8*$!
{
	archiveVersion = 1;
	classes = {
	};
	objectVersion = 55;
	objects = {

/* Begin PBXBuildFile section */
		CECB5C01283AB41E00E97C81 /* AppDelegate.swift in Sources */ = {isa = PBXBuildFile; fileRef = CECB5C00283AB41E00E97C81 /* AppDelegate.swift */; };
		CECB5C03283AB41E00E97C81 /* SceneDelegate.swift in Sources */ = {isa = PBXBuildFile; fileRef = CECB5C02283AB41E00E97C81 /* SceneDelegate.swift */; };
		CECB5C05283AB41E00E97C81 /* ViewController.swift in Sources */ = {isa = PBXBuildFile; fileRef = CECB5C04283AB41E00E97C81 /* ViewController.swift */; };
		CECB5C08283AB41E00E97C81 /* Main.storyboard in Resources */ = {isa = PBXBuildFile; fileRef = CECB5C06283AB41E00E97C81 /* Main.storyboard */; };
		CECB5C0B283AB41E00E97C81 /* FSTR_app_SB.xcdatamodeld in Sources */ = {isa = PBXBuildFile; fileRef = CECB5C09283AB41E00E97C81 /* FSTR_app_SB.xcdatamodeld */; };
		CECB5C0D283AB42000E97C81 /* Assets.xcassets in Resources */ = {isa = PBXBuildFile; fileRef = CECB5C0C283AB42000E97C81 /* Assets.xcassets */; };
		CECB5C10283AB42000E97C81 /* LaunchScreen.storyboard in Resources */ = {isa = PBXBuildFile; fileRef = CECB5C0E283AB42000E97C81 /* LaunchScreen.storyboard */; };
/* End PBXBuildFile section */

/* Begin PBXFileReference section */
		CECB5BFD283AB41E00E97C81 /* FSTR_app_SB.app */ = {isa = PBXFileReference; explicitFileType = wrapper.application; includeInIndex = 0; path = FSTR_app_SB.app; sourceTree = BUILT_PRODUCTS_DIR; };
		CECB5C00283AB41E00E97C81 /* AppDelegate.swift */ = {isa = PBXFileReference; lastKnownFileType = sourcecode.swift; path = AppDelegate.swift; sourceTree = "<group>"; };
		CECB5C02283AB41E00E97C81 /* SceneDelegate.swift */ = {isa = PBXFileReference; lastKnownFileType = sourcecode.swift; path = SceneDelegate.swift; sourceTree = "<group>"; };
		CECB5C04283AB41E00E97C81 /* ViewController.swift */ = {isa = PBXFileReference; lastKnownFileType = sourcecode.swift; path = ViewController.swift; sourceTree = "<group>"; };
		CECB5C07283AB41E00E97C81 /* Base */ = {isa = PBXFileReference; lastKnownFileType = file.storyboard; name = Base; path = Base.lproj/Main.storyboard; sourceTree = "<group>"; };
		CECB5C0A283AB41E00E97C81 /* FSTR_app_SB.xcdatamodel */ = {isa = PBXFileReference; lastKnownFileType = wrapper.xcdatamodel; path = FSTR_app_SB.xcdatamodel; sourceTree = "<group>"; };
		CECB5C0C283AB42000E97C81 /* Assets.xcassets */ = {isa = PBXFileReference; lastKnownFileType = folder.assetcatalog; path = Assets.xcassets; sourceTree = "<group>"; };
		CECB5C0F283AB42000E97C81 /* Base */ = {isa = PBXFileReference; lastKnownFileType = file.storyboard; name = Base; path = Base.lproj/LaunchScreen.storyboard; sourceTree = "<group>"; };
		CECB5C11283AB42000E97C81 /* Info.plist */ = {isa = PBXFileReference; lastKnownFileType = text.plist.xml; path = Info.plist; sourceTree = "<group>"; };
/* End PBXFileReference section */

/* Begin PBXFrameworksBuildPhase section */
		CECB5BFA283AB41E00E97C81 /* Frameworks */ = {
			isa = PBXFrameworksBuildPhase;
			buildActionMask = 2147483647;
			files = (
			);
			runOnlyForDeploymentPostprocessing = 0;
		};
/* End PBXFrameworksBuildPhase section */

/* Begin PBXGroup section */
		CECB5BF4283AB41E00E97C81 = {
			isa = PBXGroup;
			children = (
				CECB5BFF283AB41E00E97C81 /* FSTR_app_SB */,
				CECB5BFE283AB41E00E97C81 /* Products */,
			);
			sourceTree = "<group>";
		};
		CECB5BFE283AB41E00E97C81 /* Products */ = {
			isa = PBXGroup;
			children = (
				CECB5BFD283AB41E00E97C81 /* FSTR_app_SB.app */,
			);
			name = Products;
			sourceTree = "<group>";
		};
		CECB5BFF283AB41E00E97C81 /* FSTR_app_SB */ = {
			isa = PBXGroup;
			children = (
				CECB5C00283AB41E00E97C81 /* AppDelegate.swift */,
				CECB5C02283AB41E00E97C81 /* SceneDelegate.swift */,
				CECB5C04283AB41E00E97C81 /* ViewController.swift */,
				CECB5C06283AB41E00E97C81 /* Main.storyboard */,
				CECB5C0C283AB42000E97C81 /* Assets.xcassets */,
				CECB5C0E283AB42000E97C81 /* LaunchScreen.storyboard */,
				CECB5C11283AB42000E97C81 /* Info.plist */,
				CECB5C09283AB41E00E97C81 /* FSTR_app_SB.xcdatamodeld */,
			);
			path = FSTR_app_SB;
			sourceTree = "<group>";
		};
/* End PBXGroup section */

/* Begin PBXNativeTarget section */
		CECB5BFC283AB41E00E97C81 /* FSTR_app_SB */ = {
			isa = PBXNativeTarget;
			buildConfigurationList = CECB5C14283AB42000E97C81 /* Build configuration list for PBXNativeTarget "FSTR_app_SB" */;
			buildPhases = (
				CECB5BF9283AB41E00E97C81 /* Sources */,
				CECB5BFA283AB41E00E97C81 /* Frameworks */,
				CECB5BFB283AB41E00E97C81 /* Resources */,
			);
			buildRules = (
			);
			dependencies = (
			);
			name = FSTR_app_SB;
			productName = FSTR_app_SB;
			productReference = CECB5BFD283AB41E00E97C81 /* FSTR_app_SB.app */;
			productType = "com.apple.product-type.application";
		};
/* End PBXNativeTarget section */

/* Begin PBXProject section */
		CECB5BF5283AB41E00E97C81 /* Project object */ = {
			isa = PBXProject;
			attributes = {
				BuildIndependentTargetsInParallel = 1;
				LastSwiftUpdateCheck = 1330;
				LastUpgradeCheck = 1330;
				TargetAttributes = {
					CECB5BFC283AB41E00E97C81 = {
						CreatedOnToolsVersion = 13.3;
					};
				};
			};
			buildConfigurationList = CECB5BF8283AB41E00E97C81 /* Build configuration list for PBXProject "FSTR_app_SB" */;
			compatibilityVersion = "Xcode 13.0";
			developmentRegion = en;
			hasScannedForEncodings = 0;
			knownRegions = (
				en,
				Base,
			);
			mainGroup = CECB5BF4283AB41E00E97C81;
			productRefGroup = CECB5BFE283AB41E00E97C81 /* Products */;
			projectDirPath = "";
			projectRoot = "";
			targets = (
				CECB5BFC283AB41E00E97C81 /* FSTR_app_SB */,
			);
		};
/* End PBXProject section */

/* Begin PBXResourcesBuildPhase section */
		CECB5BFB283AB41E00E97C81 /* Resources */ = {
			isa = PBXResourcesBuildPhase;
			buildActionMask = 2147483647;
			files = (
				CECB5C10283AB42000E97C81 /* LaunchScreen.storyboard in Resources */,
				CECB5C0D283AB42000E97C81 /* Assets.xcassets in Resources */,
				CECB5C08283AB41E00E97C81 /* Main.storyboard in Resources */,
			);
			runOnlyForDeploymentPostprocessing = 0;
		};
/* End PBXResourcesBuildPhase section */

/* Begin PBXSourcesBuildPhase section */
		CECB5BF9283AB41E00E97C81 /* Sources */ = {
			isa = PBXSourcesBuildPhase;
			buildActionMask = 2147483647;
			files = (
				CECB5C05283AB41E00E97C81 /* ViewController.swift in Sources */,
				CECB5C01283AB41E00E97C81 /* AppDelegate.swift in Sources */,
				CECB5C03283AB41E00E97C81 /* SceneDelegate.swift in Sources */,
				CECB5C0B283AB41E00E97C81 /* FSTR_app_SB.xcdatamodeld in Sources */,
			);
			runOnlyForDeploymentPostprocessing = 0;
		};
/* End PBXSourcesBuildPhase section */

/* Begin PBXVariantGroup section */
		CECB5C06283AB41E00E97C81 /* Main.storyboard */ = {
			isa = PBXVariantGroup;
			children = (
				CECB5C07283AB41E00E97C81 /* Base */,
			);
			name = Main.storyboard;
			sourceTree = "<group>";
		};
		CECB5C0E283AB42000E97C81 /* LaunchScreen.storyboard */ = {
			isa = PBXVariantGroup;
			children = (
				CECB5C0F283AB42000E97C81 /* Base */,
			);
			name = LaunchScreen.storyboard;
			sourceTree = "<group>";
		};
/* End PBXVariantGroup section */

/* Begin XCBuildConfiguration section */
		CECB5C12283AB42000E97C81 /* Debug */ = {
			isa = XCBuildConfiguration;
			buildSettings = {
				ALWAYS_SEARCH_USER_PATHS = NO;
				CLANG_ANALYZER_NONNULL = YES;
				CLANG_ANALYZER_NUMBER_OBJECT_CONVERSION = YES_AGGRESSIVE;
				CLANG_CXX_LANGUAGE_STANDARD = "gnu++17";
				CLANG_ENABLE_MODULES = YES;
				CLANG_ENABLE_OBJC_ARC = YES;
				CLANG_ENABLE_OBJC_WEAK = YES;
				CLANG_WARN_BLOCK_CAPTURE_AUTORELEASING = YES;
				CLANG_WARN_BOOL_CONVERSION = YES;
				CLANG_WARN_COMMA = YES;
				CLANG_WARN_CONSTANT_CONVERSION = YES;
				CLANG_WARN_DEPRECATED_OBJC_IMPLEMENTATIONS = YES;
				CLANG_WARN_DIRECT_OBJC_ISA_USAGE = YES_ERROR;
				CLANG_WARN_DOCUMENTATION_COMMENTS = YES;
				CLANG_WARN_EMPTY_BODY = YES;
				CLANG_WARN_ENUM_CONVERSION = YES;
				CLANG_WARN_INFINITE_RECURSION = YES;
				CLANG_WARN_INT_CONVERSION = YES;
				CLANG_WARN_NON_LITERAL_NULL_CONVERSION = YES;
				CLANG_WARN_OBJC_IMPLICIT_RETAIN_SELF = YES;
				CLANG_WARN_OBJC_LITERAL_CONVERSION = YES;
				CLANG_WARN_OBJC_ROOT_CLASS = YES_ERROR;
				CLANG_WARN_QUOTED_INCLUDE_IN_FRAMEWORK_HEADER = YES;
				CLANG_WARN_RANGE_LOOP_ANALYSIS = YES;
				CLANG_WARN_STRICT_PROTOTYPES = YES;
				CLANG_WARN_SUSPICIOUS_MOVE = YES;
				CLANG_WARN_UNGUARDED_AVAILABILITY = YES_AGGRESSIVE;
				CLANG_WARN_UNREACHABLE_CODE = YES;
				CLANG_WARN__DUPLICATE_METHOD_MATCH = YES;
				COPY_PHASE_STRIP = NO;
				DEBUG_INFORMATION_FORMAT = dwarf;
				ENABLE_STRICT_OBJC_MSGSEND = YES;
				ENABLE_TESTABILITY = YES;
				GCC_C_LANGUAGE_STANDARD = gnu11;
				GCC_DYNAMIC_NO_PIC = NO;
				GCC_NO_COMMON_BLOCKS = YES;
				GCC_OPTIMIZATION_LEVEL = 0;
				GCC_PREPROCESSOR_DEFINITIONS = (
					"DEBUG=1",
					"$(inherited)",
				);
				GCC_WARN_64_TO_32_BIT_CONVERSION = YES;
				GCC_WARN_ABOUT_RETURN_TYPE = YES_ERROR;
				GCC_WARN_UNDECLARED_SELECTOR = YES;
				GCC_WARN_UNINITIALIZED_AUTOS = YES_AGGRESSIVE;
				GCC_WARN_UNUSED_FUNCTION = YES;
				GCC_WARN_UNUSED_VARIABLE = YES;
				IPHONEOS_DEPLOYMENT_TARGET = 15.4;
				MTL_ENABLE_DEBUG_INFO = INCLUDE_SOURCE;
				MTL_FAST_MATH = YES;
				ONLY_ACTIVE_ARCH = YES;
				SDKROOT = iphoneos;
				SWIFT_ACTIVE_COMPILATION_CONDITIONS = DEBUG;
				SWIFT_OPTIMIZATION_LEVEL = "-Onone";
			};
			name = Debug;
		};
		CECB5C13283AB42000E97C81 /* Release */ = {
			isa = XCBuildConfiguration;
			buildSettings = {
				ALWAYS_SEARCH_USER_PATHS = NO;
				CLANG_ANALYZER_NONNULL = YES;
				CLANG_ANALYZER_NUMBER_OBJECT_CONVERSION = YES_AGGRESSIVE;
				CLANG_CXX_LANGUAGE_STANDARD = "gnu++17";
				CLANG_ENABLE_MODULES = YES;
				CLANG_ENABLE_OBJC_ARC = YES;
				CLANG_ENABLE_OBJC_WEAK = YES;
				CLANG_WARN_BLOCK_CAPTURE_AUTORELEASING = YES;
				CLANG_WARN_BOOL_CONVERSION = YES;
				CLANG_WARN_COMMA = YES;
				CLANG_WARN_CONSTANT_CONVERSION = YES;
				CLANG_WARN_DEPRECATED_OBJC_IMPLEMENTATIONS = YES;
				CLANG_WARN_DIRECT_OBJC_ISA_USAGE = YES_ERROR;
				CLANG_WARN_DOCUMENTATION_COMMENTS = YES;
				CLANG_WARN_EMPTY_BODY = YES;
				CLANG_WARN_ENUM_CONVERSION = YES;
				CLANG_WARN_INFINITE_RECURSION = YES;
				CLANG_WARN_INT_CONVERSION = YES;
				CLANG_WARN_NON_LITERAL_NULL_CONVERSION = YES;
				CLANG_WARN_OBJC_IMPLICIT_RETAIN_SELF = YES;
				CLANG_WARN_OBJC_LITERAL_CONVERSION = YES;
				CLANG_WARN_OBJC_ROOT_CLASS = YES_ERROR;
				CLANG_WARN_QUOTED_INCLUDE_IN_FRAMEWORK_HEADER = YES;
				CLANG_WARN_RANGE_LOOP_ANALYSIS = YES;
				CLANG_WARN_STRICT_PROTOTYPES = YES;
				CLANG_WARN_SUSPICIOUS_MOVE = YES;
				CLANG_WARN_UNGUARDED_AVAILABILITY = YES_AGGRESSIVE;
				CLANG_WARN_UNREACHABLE_CODE = YES;
				CLANG_WARN__DUPLICATE_METHOD_MATCH = YES;
				COPY_PHASE_STRIP = NO;
				DEBUG_INFORMATION_FORMAT = "dwarf-with-dsym";
				ENABLE_NS_ASSERTIONS = NO;
				ENABLE_STRICT_OBJC_MSGSEND = YES;
				GCC_C_LANGUAGE_STANDARD = gnu11;
				GCC_NO_COMMON_BLOCKS = YES;
				GCC_WARN_64_TO_32_BIT_CONVERSION = YES;
				GCC_WARN_ABOUT_RETURN_TYPE = YES_ERROR;
				GCC_WARN_UNDECLARED_SELECTOR = YES;
				GCC_WARN_UNINITIALIZED_AUTOS = YES_AGGRESSIVE;
				GCC_WARN_UNUSED_FUNCTION = YES;
				GCC_WARN_UNUSED_VARIABLE = YES;
				IPHONEOS_DEPLOYMENT_TARGET = 15.4;
				MTL_ENABLE_DEBUG_INFO = NO;
				MTL_FAST_MATH = YES;
				SDKROOT = iphoneos;
				SWIFT_COMPILATION_MODE = wholemodule;
				SWIFT_OPTIMIZATION_LEVEL = "-O";
				VALIDATE_PRODUCT = YES;
			};
			name = Release;
		};
		CECB5C15283AB42000E97C81 /* Debug */ = {
			isa = XCBuildConfiguration;
			buildSettings = {
				ASSETCATALOG_COMPILER_APPICON_NAME = AppIcon;
				ASSETCATALOG_COMPILER_GLOBAL_ACCENT_COLOR_NAME = AccentColor;
				CODE_SIGN_STYLE = Automatic;
				CURRENT_PROJECT_VERSION = 1;
				DEVELOPMENT_TEAM = M3Y3PMZR6S;
				GENERATE_INFOPLIST_FILE = YES;
				INFOPLIST_FILE = FSTR_app_SB/Info.plist;
				INFOPLIST_KEY_UIApplicationSupportsIndirectInputEvents = YES;
				INFOPLIST_KEY_UILaunchStoryboardName = LaunchScreen;
				INFOPLIST_KEY_UIMainStoryboardFile = Main;
				INFOPLIST_KEY_UISupportedInterfaceOrientations_iPad = "UIInterfaceOrientationPortrait UIInterfaceOrientationPortraitUpsideDown UIInterfaceOrientationLandscapeLeft UIInterfaceOrientationLandscapeRight";
				INFOPLIST_KEY_UISupportedInterfaceOrientations_iPhone = "UIInterfaceOrientationPortrait UIInterfaceOrientationLandscapeLeft UIInterfaceOrientationLandscapeRight";
				LD_RUNPATH_SEARCH_PATHS = (
					"$(inherited)",
					"@executable_path/Frameworks",
				);
				MARKETING_VERSION = 1.0;
				PRODUCT_BUNDLE_IDENTIFIER = "Arseny-Isaev.FSTR-app-SB";
				PRODUCT_NAME = "$(TARGET_NAME)";
				SWIFT_EMIT_LOC_STRINGS = YES;
				SWIFT_VERSION = 5.0;
				TARGETED_DEVICE_FAMILY = "1,2";
			};
			name = Debug;
		};
		CECB5C16283AB42000E97C81 /* Release */ = {
			isa = XCBuildConfiguration;
			buildSettings = {
				ASSETCATALOG_COMPILER_APPICON_NAME = AppIcon;
				ASSETCATALOG_COMPILER_GLOBAL_ACCENT_COLOR_NAME = AccentColor;
				CODE_SIGN_STYLE = Automatic;
				CURRENT_PROJECT_VERSION = 1;
				DEVELOPMENT_TEAM = M3Y3PMZR6S;
				GENERATE_INFOPLIST_FILE = YES;
				INFOPLIST_FILE = FSTR_app_SB/Info.plist;
				INFOPLIST_KEY_UIApplicationSupportsIndirectInputEvents = YES;
				INFOPLIST_KEY_UILaunchStoryboardName = LaunchScreen;
				INFOPLIST_KEY_UIMainStoryboardFile = Main;
				INFOPLIST_KEY_UISupportedInterfaceOrientations_iPad = "UIInterfaceOrientationPortrait UIInterfaceOrientationPortraitUpsideDown UIInterfaceOrientationLandscapeLeft UIInterfaceOrientationLandscapeRight";
				INFOPLIST_KEY_UISupportedInterfaceOrientations_iPhone = "UIInterfaceOrientationPortrait UIInterfaceOrientationLandscapeLeft UIInterfaceOrientationLandscapeRight";
				LD_RUNPATH_SEARCH_PATHS = (
					"$(inherited)",
					"@executable_path/Frameworks",
				);
				MARKETING_VERSION = 1.0;
				PRODUCT_BUNDLE_IDENTIFIER = "Arseny-Isaev.FSTR-app-SB";
				PRODUCT_NAME = "$(TARGET_NAME)";
				SWIFT_EMIT_LOC_STRINGS = YES;
				SWIFT_VERSION = 5.0;
				TARGETED_DEVICE_FAMILY = "1,2";
			};
			name = Release;
		};
/* End XCBuildConfiguration section */

/* Begin XCConfigurationList section */
		CECB5BF8283AB41E00E97C81 /* Build configuration list for PBXProject "FSTR_app_SB" */ = {
			isa = XCConfigurationList;
			buildConfigurations = (
				CECB5C12283AB42000E97C81 /* Debug */,
				CECB5C13283AB42000E97C81 /* Release */,
			);
			defaultConfigurationIsVisible = 0;
			defaultConfigurationName = Release;
		};
		CECB5C14283AB42000E97C81 /* Build configuration list for PBXNativeTarget "FSTR_app_SB" */ = {
			isa = XCConfigurationList;
			buildConfigurations = (
				CECB5C15283AB42000E97C81 /* Debug */,
				CECB5C16283AB42000E97C81 /* Release */,
			);
			defaultConfigurationIsVisible = 0;
			defaultConfigurationName = Release;
		};
/* End XCConfigurationList section */

/* Begin XCVersionGroup section */
		CECB5C09283AB41E00E97C81 /* FSTR_app_SB.xcdatamodeld */ = {
			isa = XCVersionGroup;
			children = (
				CECB5C0A283AB41E00E97C81 /* FSTR_app_SB.xcdatamodel */,
			);
			currentVersion = CECB5C0A283AB41E00E97C81 /* FSTR_app_SB.xcdatamodel */;
			path = FSTR_app_SB.xcdatamodeld;
			sourceTree = "<group>";
			versionGroupType = wrapper.xcdatamodel;
		};
/* End XCVersionGroup section */
	};
	rootObject = CECB5BF5283AB41E00E97C81 /* Project object */;
}
